
Microsoft Visual Studio Solution File, Format Version 12.00
# Visual Studio Version 17
VisualStudioVersion = 17.5.33627.172
MinimumVisualStudioVersion = 10.0.40219.1
Project("{FAE04EC0-301F-11D3-BF4B-00C04F79EFBC}") = "Day7", "Day7\Day7.csproj", "{6F6EC8E8-4DB4-4B56-870A-D717246B085D}"
EndProject
Global
	GlobalSection(SolutionConfigurationPlatforms) = preSolution
		Debug|Any CPU = Debug|Any CPU
		Release|Any CPU = Release|Any CPU
	EndGlobalSection
	GlobalSection(ProjectConfigurationPlatforms) = postSolution
		{6F6EC8E8-4DB4-4B56-870A-D717246B085D}.Debug|Any CPU.ActiveCfg = Debug|Any CPU
		{6F6EC8E8-4DB4-4B56-870A-D717246B085D}.Debug|Any CPU.Build.0 = Debug|Any CPU
		{6F6EC8E8-4DB4-4B56-870A-D717246B085D}.Release|Any CPU.ActiveCfg = Release|Any CPU
		{6F6EC8E8-4DB4-4B56-870A-D717246B085D}.Release|Any CPU.Build.0 = Release|Any CPU
	EndGlobalSection
	GlobalSection(SolutionProperties) = preSolution
		HideSolutionNode = FALSE
	EndGlobalSection
	GlobalSection(ExtensibilityGlobals) = postSolution
		SolutionGuid = {A98AE00C-A0DF-4BE8-90B4-25C178DC8006}
	EndGlobalSection
EndGlobal
